{
    "name": "node14",
    "lockfileVersion": 2,
    "requires": true,
    "packages": {
        "": {
            "dependencies": {
                "aws-lambda-sns": "^1.0.3"
            }
        },
        "node_modules/aws-lambda-sns": {
            "version": "1.0.3",
            "resolved": "https://registry.npmjs.org/aws-lambda-sns/-/aws-lambda-sns-1.0.3.tgz",
            "integrity": "sha512-44tnh3KYwGiCV7YdZUy+a/uhbFGibw+AvMWOpr2g7JyR1yOJ1nNVQuXg1WYUPK9cLf+3J4w2Zifk4DCapVI+mg=="
        }
    },
    "dependencies": {
        "aws-lambda-sns": {
            "version": "1.0.3",
            "resolved": "https://registry.npmjs.org/aws-lambda-sns/-/aws-lambda-sns-1.0.3.tgz",
            "integrity": "sha512-44tnh3KYwGiCV7YdZUy+a/uhbFGibw+AvMWOpr2g7JyR1yOJ1nNVQuXg1WYUPK9cLf+3J4w2Zifk4DCapVI+mg=="
        }
    }
}
